
Microsoft Visual Studio Solution File, Format Version 12.00
# Visual Studio Version 17
VisualStudioVersion = 17.4.33213.308
MinimumVisualStudioVersion = 10.0.40219.1
Project("{FAE04EC0-301F-11D3-BF4B-00C04F79EFBC}") = "Clone", "Clone.csproj", "{8E629147-814E-436C-9F87-7A7289198DBD}"
EndProject
Global
	GlobalSection(SolutionConfigurationPlatforms) = preSolution
		Debug|Any CPU = Debug|Any CPU
		Release|Any CPU = Release|Any CPU
	EndGlobalSection
	GlobalSection(ProjectConfigurationPlatforms) = postSolution
		{8E629147-814E-436C-9F87-7A7289198DBD}.Debug|Any CPU.ActiveCfg = Debug|Any CPU
		{8E629147-814E-436C-9F87-7A7289198DBD}.Debug|Any CPU.Build.0 = Debug|Any CPU
		{8E629147-814E-436C-9F87-7A7289198DBD}.Release|Any CPU.ActiveCfg = Release|Any CPU
		{8E629147-814E-436C-9F87-7A7289198DBD}.Release|Any CPU.Build.0 = Release|Any CPU
	EndGlobalSection
	GlobalSection(SolutionProperties) = preSolution
		HideSolutionNode = FALSE
	EndGlobalSection
	GlobalSection(ExtensibilityGlobals) = postSolution
		SolutionGuid = {E23231C4-3881-4F72-B841-9E7B010A972D}
	EndGlobalSection
EndGlobal
